PODS:
  - HexColors (2.2.1)
  - MBProgressHUD (0.8)
  - ODRefreshControl (1.0.0)
  - Reachability (3.1.1)
  - TSMessages (0.9.6):
    - HexColors

DEPENDENCIES:
  - MBProgressHUD (~> 0.8)
  - ODRefreshControl (~> 1.0.0)
  - Reachability (~> 3.1.1)
  - TSMessages (~> 0.9.4)

SPEC CHECKSUMS:
  HexColors: 01384d2bbe8dc4ffa43c3b4135db6e976952d153
  MBProgressHUD: c356980b0cd097f19acec959b49dca5eb8ec31be
  ODRefreshControl: 022f465cd1e14e09291e6e7b474a0573d0a94618
  Reachability: 8e9635e3cb4f98e7f825e51147f677ecc694d0e7
  TSMessages: 8337e6b14b369db136ca9a07a32193fc2a7feb19

COCOAPODS: 0.32.1
