PODS:
  - HexColors (2.2.1)
  - MBProgressHUD (0.8)
  - ODRefreshControl (1.0.0)
  - Reachability (3.1.1)
  - TSMessages (0.9.6):
    - HexColors

DEPENDENCIES:
  - MBProgressHUD (~> 0.8)
  - ODRefreshControl (~> 1.0.0)
  - Reachability (~> 3.1.1)
  - TSMessages (~> 0.9.4)

SPEC CHECKSUMS:
  HexColors: 99211502e17904af7891fc8f687d0e4958a6d66e
  MBProgressHUD: 2bbc6f470111daf7f3eaa4eb12b8cbf01c4c0622
  ODRefreshControl: 64fd74956e8708c2f7df6d9f5d2689d7fffd7ce1
  Reachability: be4883bb93f31e38266ae3365e5600a317aae735
  TSMessages: 839edc3164b99ced48c30af9dde9710cd67bea4d

COCOAPODS: 0.29.0
